
Microsoft Visual Studio Solution File, Format Version 12.00
# Visual Studio Version 17
VisualStudioVersion = 17.11.35222.181
MinimumVisualStudioVersion = 10.0.40219.1
Project("{FAE04EC0-301F-11D3-BF4B-00C04F79EFBC}") = "WebServer", "WebServer.csproj", "{B2ADD9D8-1490-4E44-9F58-8DA954B3CBA5}"
EndProject
Global
	GlobalSection(SolutionConfigurationPlatforms) = preSolution
		Debug|Any CPU = Debug|Any CPU
		Release|Any CPU = Release|Any CPU
	EndGlobalSection
	GlobalSection(ProjectConfigurationPlatforms) = postSolution
		{B2ADD9D8-1490-4E44-9F58-8DA954B3CBA5}.Debug|Any CPU.ActiveCfg = Debug|Any CPU
		{B2ADD9D8-1490-4E44-9F58-8DA954B3CBA5}.Debug|Any CPU.Build.0 = Debug|Any CPU
		{B2ADD9D8-1490-4E44-9F58-8DA954B3CBA5}.Release|Any CPU.ActiveCfg = Release|Any CPU
		{B2ADD9D8-1490-4E44-9F58-8DA954B3CBA5}.Release|Any CPU.Build.0 = Release|Any CPU
	EndGlobalSection
	GlobalSection(SolutionProperties) = preSolution
		HideSolutionNode = FALSE
	EndGlobalSection
	GlobalSection(ExtensibilityGlobals) = postSolution
		SolutionGuid = {D04FC0AD-EBA5-472A-B1D0-701027B2DEFC}
	EndGlobalSection
EndGlobal
